
Microsoft Visual Studio Solution File, Format Version 12.00
# Visual Studio Version 17
VisualStudioVersion = 17.5.33516.290
MinimumVisualStudioVersion = 10.0.40219.1
Project("{FAE04EC0-301F-11D3-BF4B-00C04F79EFBC}") = "blogi-backend", "blogi-backend.csproj", "{5BD95AEC-1E6A-4CD4-B9E9-9CE91FBD6F79}"
EndProject
Global
	GlobalSection(SolutionConfigurationPlatforms) = preSolution
		Debug|Any CPU = Debug|Any CPU
		Debug|x64 = Debug|x64
		Release|Any CPU = Release|Any CPU
		Release|x64 = Release|x64
	EndGlobalSection
	GlobalSection(ProjectConfigurationPlatforms) = postSolution
		{5BD95AEC-1E6A-4CD4-B9E9-9CE91FBD6F79}.Debug|Any CPU.ActiveCfg = Debug|Any CPU
		{5BD95AEC-1E6A-4CD4-B9E9-9CE91FBD6F79}.Debug|Any CPU.Build.0 = Debug|Any CPU
		{5BD95AEC-1E6A-4CD4-B9E9-9CE91FBD6F79}.Debug|x64.ActiveCfg = Debug|x64
		{5BD95AEC-1E6A-4CD4-B9E9-9CE91FBD6F79}.Debug|x64.Build.0 = Debug|x64
		{5BD95AEC-1E6A-4CD4-B9E9-9CE91FBD6F79}.Release|Any CPU.ActiveCfg = Release|Any CPU
		{5BD95AEC-1E6A-4CD4-B9E9-9CE91FBD6F79}.Release|Any CPU.Build.0 = Release|Any CPU
		{5BD95AEC-1E6A-4CD4-B9E9-9CE91FBD6F79}.Release|x64.ActiveCfg = Release|x64
		{5BD95AEC-1E6A-4CD4-B9E9-9CE91FBD6F79}.Release|x64.Build.0 = Release|x64
	EndGlobalSection
	GlobalSection(SolutionProperties) = preSolution
		HideSolutionNode = FALSE
	EndGlobalSection
	GlobalSection(ExtensibilityGlobals) = postSolution
		SolutionGuid = {E4B83CAB-FB44-4665-B716-2F36139E4538}
	EndGlobalSection
EndGlobal
